# THIS IS AN AUTOGENERATED FILE. DO NOT EDIT THIS FILE DIRECTLY.
# yarn lockfile v1


prettier@^2.5.1:
  version "2.6.0"
  resolved "https://registry.yarnpkg.com/prettier/-/prettier-2.6.0.tgz#12f8f504c4d8ddb76475f441337542fa799207d4"
  integrity sha512-m2FgJibYrBGGgQXNzfd0PuDGShJgRavjUoRCw1mZERIWVSXF0iLzLm+aOqTAbLnC3n6JzUhAA8uZnFVghHJ86A==

turbo-darwin-64@1.2.0-canary.3:
  version "1.2.0-canary.3"
  resolved "https://registry.yarnpkg.com/turbo-darwin-64/-/turbo-darwin-64-1.2.0-canary.3.tgz#f8a76a4237da98d7a7355a1759d2000e7d6a7a8e"
  integrity sha512-9GJGqL+xnUh9VDfl2ok8L6FMGC25I9eO7pF40YbXgxRZvt43w4A/NV2d85vHLeJYMUcrzgKjsCqf2om44jcAPg==

turbo-darwin-arm64@1.2.0-canary.3:
  version "1.2.0-canary.3"
  resolved "https://registry.yarnpkg.com/turbo-darwin-arm64/-/turbo-darwin-arm64-1.2.0-canary.3.tgz#5bc415b66f91b0c25f59b836fa6acce6236d11e0"
  integrity sha512-dzHwnI3FlSmdLAM0HobMWqo/RqlS/oTSTYNR7NrI5wn07/2xBqHVGts3PnqO8cdaKSrkJ4TDOfEQEiZp/tASUQ==

turbo-freebsd-64@1.2.0-canary.3:
  version "1.2.0-canary.3"
  resolved "https://registry.yarnpkg.com/turbo-freebsd-64/-/turbo-freebsd-64-1.2.0-canary.3.tgz#acb3c8e2f18e0c721285f1884c3591cb971491a9"
  integrity sha512-9JFQtUpb1oXxzsVsGKxOJUskYY0Znx2t+Ugq9iWJ62ou0zHd+ZTXDERLijtTkgk9Zc4l73wmmuYCEsZmxlMOOg==

turbo-freebsd-arm64@1.2.0-canary.3:
  version "1.2.0-canary.3"
  resolved "https://registry.yarnpkg.com/turbo-freebsd-arm64/-/turbo-freebsd-arm64-1.2.0-canary.3.tgz#c0b6623db480345868fd84bcef39715ae559508f"
  integrity sha512-KBof+TX5/cPmXXVL+fp+hdE/1pO6bvqIZ21nFzC3JZoznp53/vzOavG7xFHHa7Q6lUxU2qUqxF8Tdc16yls8nQ==

turbo-linux-32@1.2.0-canary.3:
  version "1.2.0-canary.3"
  resolved "https://registry.yarnpkg.com/turbo-linux-32/-/turbo-linux-32-1.2.0-canary.3.tgz#776a6c7f5bd4c82f1b93518a86b7f3833235b46f"
  integrity sha512-YJP5zDlaFUdgDcJLzQhq0K1VxX9NT2PbEXJD2Sk0hmGK+A0K3YUyobeVSHA0QTst0Ya3eHHDLQrrGMN5fua1CQ==

turbo-linux-64@1.2.0-canary.3:
  version "1.2.0-canary.3"
  resolved "https://registry.yarnpkg.com/turbo-linux-64/-/turbo-linux-64-1.2.0-canary.3.tgz#443e2f7b2563c22f4d140bb11423c3d4760f3ce6"
  integrity sha512-Hj3iWOlmfH11UmdwTEAzfc2JDvNfQAkB1d2vIyg4ISmPWGgnJ9kZEQFBkA2bkHpQmJ10x1+421rPEIYGbUeEaA==

turbo-linux-arm64@1.2.0-canary.3:
  version "1.2.0-canary.3"
  resolved "https://registry.yarnpkg.com/turbo-linux-arm64/-/turbo-linux-arm64-1.2.0-canary.3.tgz#72b5a2cd6db0460399986912fd11eea801fc4e7b"
  integrity sha512-szF1S7ADOrC2P0SKlE2VFD5c5EdXnJhpVH1i6Xg6HbpoEd+fOAiUC6FJK+jGjw+RcQsObfXzqI7MKNjMaxHS6Q==

turbo-linux-arm@1.2.0-canary.3:
  version "1.2.0-canary.3"
  resolved "https://registry.yarnpkg.com/turbo-linux-arm/-/turbo-linux-arm-1.2.0-canary.3.tgz#e9557917df1ac5f4fa7773338d8c2da0c1f5d757"
  integrity sha512-P5zeHWNy6+0rkNVh6oT0mWnU9KBxD539Xe5j81JjbQQzVy95SBxaJWD6TBgLq0JsrOGG8zo8mAsSsxFV3/WrPQ==

turbo-linux-mips64le@1.2.0-canary.3:
  version "1.2.0-canary.3"
  resolved "https://registry.yarnpkg.com/turbo-linux-mips64le/-/turbo-linux-mips64le-1.2.0-canary.3.tgz#4c6107f4e7106c8d241c060f88324aa6fd4d9be7"
  integrity sha512-fmy2kH2vW9yFiBHps8Pk/xtnqqfh8trfwWJKNgCFCs9OC402XF9p1Pps7+WbkhqUs0xg0kCcvQ1V+VOpXB3ziA==

turbo-linux-ppc64le@1.2.0-canary.3:
  version "1.2.0-canary.3"
  resolved "https://registry.yarnpkg.com/turbo-linux-ppc64le/-/turbo-linux-ppc64le-1.2.0-canary.3.tgz#331d1e2732a43ad88893c2c783e98bd294ea9c09"
  integrity sha512-59HGzElG/0GsFjMMt7JQsnQ7/WySq0nBRV1wVZGsrV9+rfB3FCeUf2Ep2S2863BItrReCZClwYUi0jt6HaGhfQ==

turbo-windows-32@1.2.0-canary.3:
  version "1.2.0-canary.3"
  resolved "https://registry.yarnpkg.com/turbo-windows-32/-/turbo-windows-32-1.2.0-canary.3.tgz#f928c2372e14d9942561a3ec0914884b4d6bb2a5"
  integrity sha512-KIh4Rp1OgfPhIxG84UpBgcZJA6LndInz/tGNh3QBC2s6NM3hRT0trlPc0gUtxAVQwRMXqo0fZWsrJp9n+vTp9w==

turbo-windows-64@1.2.0-canary.3:
  version "1.2.0-canary.3"
  resolved "https://registry.yarnpkg.com/turbo-windows-64/-/turbo-windows-64-1.2.0-canary.3.tgz#ae1e01b875f71ceb6b73af432fa3c5f94be33afd"
  integrity sha512-nWmCNw0wCoZDIb2T0B+DdlXksywnsmCDHjDHZ/YdfqvhObFpWJxcIEa7F05JhqOZVvGgr3wArvruYDPvHjze7Q==

turbo@^1.2.0-canary.3:
  version "1.2.0-canary.3"
  resolved "https://registry.yarnpkg.com/turbo/-/turbo-1.2.0-canary.3.tgz#77ec6587ac505a249e6eee9aa1b4c1b0053c07d4"
  integrity sha512-qstz8yskpyna3RVsP/0WS8ZEHeD3S5Sbcc/bFB4inE+KV4hU632cFLxqL9ILIpuIXsJPgpNQUPm7cDO/XEm24Q==
  optionalDependencies:
    turbo-darwin-64 "1.2.0-canary.3"
    turbo-darwin-arm64 "1.2.0-canary.3"
    turbo-freebsd-64 "1.2.0-canary.3"
    turbo-freebsd-arm64 "1.2.0-canary.3"
    turbo-linux-32 "1.2.0-canary.3"
    turbo-linux-64 "1.2.0-canary.3"
    turbo-linux-arm "1.2.0-canary.3"
    turbo-linux-arm64 "1.2.0-canary.3"
    turbo-linux-mips64le "1.2.0-canary.3"
    turbo-linux-ppc64le "1.2.0-canary.3"
    turbo-windows-32 "1.2.0-canary.3"
    turbo-windows-64 "1.2.0-canary.3"
