# THIS IS AN AUTOGENERATED FILE. DO NOT EDIT THIS FILE DIRECTLY.
# yarn lockfile v1


prettier@^2.5.1:
  version "2.6.0"
  resolved "https://registry.yarnpkg.com/prettier/-/prettier-2.6.0.tgz#12f8f504c4d8ddb76475f441337542fa799207d4"
  integrity sha512-m2FgJibYrBGGgQXNzfd0PuDGShJgRavjUoRCw1mZERIWVSXF0iLzLm+aOqTAbLnC3n6JzUhAA8uZnFVghHJ86A==

turbo-darwin-64@1.1.9:
  version "1.1.9"
  resolved "https://registry.yarnpkg.com/turbo-darwin-64/-/turbo-darwin-64-1.1.9.tgz#5c642fec610d26d7acb7bbe51020804e1ff9bc73"
  integrity sha512-DAeQkBXvIVMwdlT/OvJYKNbhijUJQr4ug/sLJpNMEMPVW2Fs1aVZpr+ea4W+Xo90nOk+Ac0oCbv4nx3v8UZ1iQ==

turbo-darwin-arm64@1.1.9:
  version "1.1.9"
  resolved "https://registry.yarnpkg.com/turbo-darwin-arm64/-/turbo-darwin-arm64-1.1.9.tgz#c3a7ad58d39af375fab6b944558da29cd2ac0e01"
  integrity sha512-15WTOOngcUALX1Pso6tG/vot8ksi1l5/Sljv4sXjfpFup9Xkc2m6AE6QlKllextL10SD4x52K2z01ClV7YIKEQ==

turbo-freebsd-64@1.1.9:
  version "1.1.9"
  resolved "https://registry.yarnpkg.com/turbo-freebsd-64/-/turbo-freebsd-64-1.1.9.tgz#88bf9eff412f6277e75cec6aadbb554c78a469f0"
  integrity sha512-DqDt4o79guYef7MlYQChHMOMxJNbvE+SVuBP0+CxG4WreSUnsT+D4+/+KBs9e/o2p1xHRoDOtuKbDai8tWgKaQ==

turbo-freebsd-arm64@1.1.9:
  version "1.1.9"
  resolved "https://registry.yarnpkg.com/turbo-freebsd-arm64/-/turbo-freebsd-arm64-1.1.9.tgz#a2bf29386b0bcf5ee43ce5a1cbf39e3d0550d7a0"
  integrity sha512-tiudLNRsOmmWD9guqWEoW63x3F0YKtkQis0DRrFqJBVcnMDfKYtMWIr6kP7DhK9PxKwnJY4Y1WIawXPIWl66EQ==

turbo-linux-32@1.1.9:
  version "1.1.9"
  resolved "https://registry.yarnpkg.com/turbo-linux-32/-/turbo-linux-32-1.1.9.tgz#6fae00fffc171ebf990b28f9e1635da8800bc3ef"
  integrity sha512-u0VI41gqxRqGR41+nVmWvNZ6d2AS/KYfrfDeFbw8mRVsuAR2OP6emsbt7cUN++0ZzH9qsRgGcBR/k2Ge/EEx5g==

turbo-linux-64@1.1.9:
  version "1.1.9"
  resolved "https://registry.yarnpkg.com/turbo-linux-64/-/turbo-linux-64-1.1.9.tgz#3d608908c2e5dfab18316a07427dd5f4369b8eab"
  integrity sha512-BU3ulyNivyrDwGVA2NnMcqUH9o4njk59DgantoF7rRSWNeyt5abneOG7CVAdaAy03JIc1gzErjVV+QSQ25H9ug==

turbo-linux-arm64@1.1.9:
  version "1.1.9"
  resolved "https://registry.yarnpkg.com/turbo-linux-arm64/-/turbo-linux-arm64-1.1.9.tgz#7b7350c155c1ec3cea6be00840837ca020a8bcca"
  integrity sha512-bVD+8n8qDDlZxG6Z8rn58m50BjczIV4zCgjDQDIN2E6H9FjWuLOpKXk3mdTgM31w1Om8HYZgkbvla/jQSwWHrQ==

turbo-linux-arm@1.1.9:
  version "1.1.9"
  resolved "https://registry.yarnpkg.com/turbo-linux-arm/-/turbo-linux-arm-1.1.9.tgz#6f71462f3e3becf73cd1e2ded0936260b531075e"
  integrity sha512-sAI2BqkipyvH6fQhhnOGhY9C9z9AMUdTizOm0Luj6gmEMZhUmjfk5K8BsX3uKzY6cWx5+twaTPXFd1EGV/o7Pg==

turbo-linux-mips64le@1.1.9:
  version "1.1.9"
  resolved "https://registry.yarnpkg.com/turbo-linux-mips64le/-/turbo-linux-mips64le-1.1.9.tgz#a3e08850bdf022720bef5b9d5d8a3111ba65851d"
  integrity sha512-/34pGwWKRes3FYAUpZn+s8rKIbi76ZHuGxvXWx7clIfmLwNw1dN04c7cXU/t2PwDv4CzsGkqPgVNMGitnLxeUQ==

turbo-linux-ppc64le@1.1.9:
  version "1.1.9"
  resolved "https://registry.yarnpkg.com/turbo-linux-ppc64le/-/turbo-linux-ppc64le-1.1.9.tgz#fd8740b87bbabcd363268040bdae6a9643d77b2a"
  integrity sha512-5yR59wLf+HTV2Zb7ycPHXloTgYql22F4lhL6H7cWBVmbDFzrWR3N1d/sPaNLHtaDEE4l6UtTOFd/WQCfPDq/Hw==

turbo-windows-32@1.1.9:
  version "1.1.9"
  resolved "https://registry.yarnpkg.com/turbo-windows-32/-/turbo-windows-32-1.1.9.tgz#ddfd8c83cbd6693e89df6fe099ae3ba2b34c4b8f"
  integrity sha512-dVwjFWg/SsW+pVk1iOnfovXSzsMsIgiEQvkAEnN3+XNEkjtYhLQ73bntZhP/mO4IKpDEkPoBcOlV/092uwadOg==

turbo-windows-64@1.1.9:
  version "1.1.9"
  resolved "https://registry.yarnpkg.com/turbo-windows-64/-/turbo-windows-64-1.1.9.tgz#2ed9fbad8ab5384ce14bd0e87f4fa2fd2117f3e0"
  integrity sha512-fzjO2D9lzhrBNjnuqaFTBpRU9DjYMhhgFgvD3ynwNWiBgm4wcer58DpRMDEzjq51Q+0HwFIrsKzEMyVK4Ubu/Q==

turbo@^1.1.9:
  version "1.1.9"
  resolved "https://registry.yarnpkg.com/turbo/-/turbo-1.1.9.tgz#cbff85b927558e4f7b731ee17b3739471dca0fae"
  integrity sha512-xFtKZ9EFEkENhRxn89RQWmgMKCnUvKWPwiOXz60ztp4HEKXAdOBgEmgCOhyn5osfgQYOiaOI6gBIjSf/UMorQQ==
  optionalDependencies:
    turbo-darwin-64 "1.1.9"
    turbo-darwin-arm64 "1.1.9"
    turbo-freebsd-64 "1.1.9"
    turbo-freebsd-arm64 "1.1.9"
    turbo-linux-32 "1.1.9"
    turbo-linux-64 "1.1.9"
    turbo-linux-arm "1.1.9"
    turbo-linux-arm64 "1.1.9"
    turbo-linux-mips64le "1.1.9"
    turbo-linux-ppc64le "1.1.9"
    turbo-windows-32 "1.1.9"
    turbo-windows-64 "1.1.9"
