# THIS IS AN AUTOGENERATED FILE. DO NOT EDIT THIS FILE DIRECTLY.
# yarn lockfile v1


prettier@^2.5.1:
  version "2.6.0"
  resolved "https://registry.yarnpkg.com/prettier/-/prettier-2.6.0.tgz#12f8f504c4d8ddb76475f441337542fa799207d4"
  integrity sha512-m2FgJibYrBGGgQXNzfd0PuDGShJgRavjUoRCw1mZERIWVSXF0iLzLm+aOqTAbLnC3n6JzUhAA8uZnFVghHJ86A==

turbo-darwin-64@1.2.0-canary.0:
  version "1.2.0-canary.0"
  resolved "https://registry.yarnpkg.com/turbo-darwin-64/-/turbo-darwin-64-1.2.0-canary.0.tgz#40eb12424668f82d47ff45c2f47dae93fc6d1ef9"
  integrity sha512-tvKw3LQkETi0jHudkyxOdtYhcsGWvlhR/1q/xjapjgh+r2Nh0NioxG8Bt8KC2P60KkO6ecIy69atB8eKTa+Qhg==

turbo-darwin-arm64@1.2.0-canary.0:
  version "1.2.0-canary.0"
  resolved "https://registry.yarnpkg.com/turbo-darwin-arm64/-/turbo-darwin-arm64-1.2.0-canary.0.tgz#25e43117dd95aad0fe3027e3860cbf43091a7ee1"
  integrity sha512-FxPbecro3r+CUNJ0Z4vYbuBSmdK0mwg+LEIeW1SdLszdrdEov0o2PgwTS1Fq5nFQVKBIDhcKURApDSdXcpwG4Q==

turbo-freebsd-64@1.2.0-canary.0:
  version "1.2.0-canary.0"
  resolved "https://registry.yarnpkg.com/turbo-freebsd-64/-/turbo-freebsd-64-1.2.0-canary.0.tgz#694123355ac15f232da9d97b40dc03156d98a2be"
  integrity sha512-DohRwiDmAMsa1Afc/0d7uAKRgXiIUTXowWkC9acL22rQJnp7bHbVwW2D3HhZo8PcwI+gpVMaNiEfQWSodM+nvg==

turbo-freebsd-arm64@1.2.0-canary.0:
  version "1.2.0-canary.0"
  resolved "https://registry.yarnpkg.com/turbo-freebsd-arm64/-/turbo-freebsd-arm64-1.2.0-canary.0.tgz#b2232f4f9bdc63a524ddf6235facc44486e4a96b"
  integrity sha512-wDp+J4p7Hs7MGdSueKXpmh6rd7dPIYmyHzoubb8lVCOYZDTBAO8ExP0LBLTPj6Oy+1OI0aOYWtEL7H7+9LwT6w==

turbo-linux-32@1.2.0-canary.0:
  version "1.2.0-canary.0"
  resolved "https://registry.yarnpkg.com/turbo-linux-32/-/turbo-linux-32-1.2.0-canary.0.tgz#79737a3cdb8c9a0e0e27f871c1a5454cc43851e1"
  integrity sha512-a7odGmdJ6DcdLLvnv5vGoMFY6egMUwD6m8vobGY5y7iWUX8BmTD08g0T8ZrlWKYW7zh2g/0NH6SNaKEkwAq2LA==

turbo-linux-64@1.2.0-canary.0:
  version "1.2.0-canary.0"
  resolved "https://registry.yarnpkg.com/turbo-linux-64/-/turbo-linux-64-1.2.0-canary.0.tgz#a6ee2f0eddd1bb6ecb09a5ffcd0036d0ae3da579"
  integrity sha512-Bt1HviffY1VEUoule6O92uYEt4F5WpQ7LM5V8BVItN49O/7Q5XUlgDJ8I23Aae7bHHbUZa1NOCAqE6p6GEFz3g==

turbo-linux-arm64@1.2.0-canary.0:
  version "1.2.0-canary.0"
  resolved "https://registry.yarnpkg.com/turbo-linux-arm64/-/turbo-linux-arm64-1.2.0-canary.0.tgz#4bbf1a2e962c51a8a231d8567eae4dd0e7402c95"
  integrity sha512-dtrKXYRf0CFyHB1qZIAL/+I2+9Dt5UO8OnszdLRiuHwEHKBAbrxo41b2WRKg3YytMJtyv8F65TFMD+3U6T0gwQ==

turbo-linux-arm@1.2.0-canary.0:
  version "1.2.0-canary.0"
  resolved "https://registry.yarnpkg.com/turbo-linux-arm/-/turbo-linux-arm-1.2.0-canary.0.tgz#8f24912114e4e04b0e8afab032121970b02b9ac7"
  integrity sha512-/vMLfywOudaev1joj4U0kkGJ/Z5r0nc20NkGxQdJVM0hSw6vy7MT1POQsfFtRoRQhkQ1xGWq7TrIHYtGzUzrrQ==

turbo-linux-mips64le@1.2.0-canary.0:
  version "1.2.0-canary.0"
  resolved "https://registry.yarnpkg.com/turbo-linux-mips64le/-/turbo-linux-mips64le-1.2.0-canary.0.tgz#6ca68d3969a26a648abaa902a19355333798e344"
  integrity sha512-7PLhN3hUfwguufsWIaIRIZ9Zbg6ZaNWg6nM3fqXfu9GesxxDfoVPVjU3Eel2k6Fc+b1qY1KSWBAF+1wVuqAOcQ==

turbo-linux-ppc64le@1.2.0-canary.0:
  version "1.2.0-canary.0"
  resolved "https://registry.yarnpkg.com/turbo-linux-ppc64le/-/turbo-linux-ppc64le-1.2.0-canary.0.tgz#58082cb25e8905d83b1fb72d9ba8b0d6d197c453"
  integrity sha512-XseRL2ymHcYe3ydMX0KPui8sumg4m99RzEsnY21LRRe3n8wbldOKKJM0kDbiCnuqAdGIRLbpWE6SiXBBcho3Wg==

turbo-windows-32@1.2.0-canary.0:
  version "1.2.0-canary.0"
  resolved "https://registry.yarnpkg.com/turbo-windows-32/-/turbo-windows-32-1.2.0-canary.0.tgz#5a27d8ec4e46335b2f62744fa30cb1bfbc096529"
  integrity sha512-bpItTLsW2VRygjMZ5zE1ZK/9dmhYzORxlSw8gCTsdOcPGcQ97NGVo8PT4dEZX+GpWha7Qxf+9R/u05ejshSB3g==

turbo-windows-64@1.2.0-canary.0:
  version "1.2.0-canary.0"
  resolved "https://registry.yarnpkg.com/turbo-windows-64/-/turbo-windows-64-1.2.0-canary.0.tgz#db61dea4aac4cd35007bdb9cbecc3b9b3ac0e208"
  integrity sha512-4YChF8gtZ2VnC5pYEiH9uh2qvZ8ovfQbnJRcOA+izq4KGqV1zAk0yuVYrr8BjsO840qWkaU8Ydw5h8s0XQ0HTA==

turbo@^1.2.0-canary.0:
  version "1.2.0-canary.0"
  resolved "https://registry.yarnpkg.com/turbo/-/turbo-1.2.0-canary.0.tgz#d76f454b389d3dcd41a368d648d23a1da72a50de"
  integrity sha512-rk7gbY0nP9NC7rUfvTBWeSmpcyeEzVDJVJ2QUbitfSO0fAy7Sc4dG1jatIk2mRuvIXBpm5kdcSwTaX7s+R2t3w==
  optionalDependencies:
    turbo-darwin-64 "1.2.0-canary.0"
    turbo-darwin-arm64 "1.2.0-canary.0"
    turbo-freebsd-64 "1.2.0-canary.0"
    turbo-freebsd-arm64 "1.2.0-canary.0"
    turbo-linux-32 "1.2.0-canary.0"
    turbo-linux-64 "1.2.0-canary.0"
    turbo-linux-arm "1.2.0-canary.0"
    turbo-linux-arm64 "1.2.0-canary.0"
    turbo-linux-mips64le "1.2.0-canary.0"
    turbo-linux-ppc64le "1.2.0-canary.0"
    turbo-windows-32 "1.2.0-canary.0"
    turbo-windows-64 "1.2.0-canary.0"
